
Microsoft Visual Studio Solution File, Format Version 12.00
# Visual Studio Version 17
VisualStudioVersion = 17.4.33213.308
MinimumVisualStudioVersion = 10.0.40219.1
Project("{FAE04EC0-301F-11D3-BF4B-00C04F79EFBC}") = "WindowsFormsApp1", "WindowsFormsApp1\WindowsFormsApp1.csproj", "{D844A286-13B9-417B-9AE9-F26653937227}"
EndProject
Global
	GlobalSection(SolutionConfigurationPlatforms) = preSolution
		Debug|Any CPU = Debug|Any CPU
		Release|Any CPU = Release|Any CPU
	EndGlobalSection
	GlobalSection(ProjectConfigurationPlatforms) = postSolution
		{D844A286-13B9-417B-9AE9-F26653937227}.Debug|Any CPU.ActiveCfg = Debug|Any CPU
		{D844A286-13B9-417B-9AE9-F26653937227}.Debug|Any CPU.Build.0 = Debug|Any CPU
		{D844A286-13B9-417B-9AE9-F26653937227}.Release|Any CPU.ActiveCfg = Release|Any CPU
		{D844A286-13B9-417B-9AE9-F26653937227}.Release|Any CPU.Build.0 = Release|Any CPU
	EndGlobalSection
	GlobalSection(SolutionProperties) = preSolution
		HideSolutionNode = FALSE
	EndGlobalSection
	GlobalSection(ExtensibilityGlobals) = postSolution
		SolutionGuid = {CA70574D-C19B-4943-A9A9-F1711841D89D}
	EndGlobalSection
EndGlobal
